
Microsoft Visual Studio Solution File, Format Version 12.00
# Visual Studio Version 17
VisualStudioVersion = 17.10.35013.160
MinimumVisualStudioVersion = 10.0.40219.1
Project("{9A19103F-16F7-4668-BE54-9A1E7A4F7556}") = "JWTApp.Back", "JWTApp.Back\JWTApp.Back.csproj", "{EF44DD73-7E47-4A43-B0D3-8897886AD9D5}"
EndProject
Project("{9A19103F-16F7-4668-BE54-9A1E7A4F7556}") = "JWTApp.Front", "JWTApp.Front\JWTApp.Front.csproj", "{D76B43E5-1507-4715-8CE6-40E5F496546A}"
EndProject
Project("{2150E333-8FDC-42A3-9474-1A3956D46DE8}") = "Onion", "Onion", "{D343E268-BB17-41C1-AB64-83854DF83D8B}"
EndProject
Project("{2150E333-8FDC-42A3-9474-1A3956D46DE8}") = "Core", "Core", "{10F05948-AD26-43D3-8513-6497A0FEFBE6}"
EndProject
Project("{2150E333-8FDC-42A3-9474-1A3956D46DE8}") = "Infrastructure", "Infrastructure", "{9BB32612-F028-4C8C-9A8F-6E0B7B2004EA}"
EndProject
Project("{2150E333-8FDC-42A3-9474-1A3956D46DE8}") = "Presentation", "Presentation", "{87302123-5BE6-4490-A3E9-DECEC260D797}"
EndProject
Project("{FAE04EC0-301F-11D3-BF4B-00C04F79EFBC}") = "Domain", "Onion\Core\Domain\Domain.csproj", "{168FC227-4295-4CB0-9045-E9C2F6122629}"
EndProject
Project("{FAE04EC0-301F-11D3-BF4B-00C04F79EFBC}") = "Application", "Onion\Core\Application\Application.csproj", "{6248DCF1-716E-4DCF-A091-3F68188CAF6E}"
EndProject
Project("{FAE04EC0-301F-11D3-BF4B-00C04F79EFBC}") = "Persistence", "Onion\Infrastructure\Persistence\Persistence.csproj", "{6050B03F-7E39-4E01-8B21-4D7AE2A9D8EA}"
EndProject
Project("{FAE04EC0-301F-11D3-BF4B-00C04F79EFBC}") = "WebAPI", "Onion\Presentation\WebAPI\WebAPI.csproj", "{F1327FC2-2BF7-4811-BE39-52E288ED8EC0}"
EndProject
Global
	GlobalSection(SolutionConfigurationPlatforms) = preSolution
		Debug|Any CPU = Debug|Any CPU
		Release|Any CPU = Release|Any CPU
	EndGlobalSection
	GlobalSection(ProjectConfigurationPlatforms) = postSolution
		{EF44DD73-7E47-4A43-B0D3-8897886AD9D5}.Debug|Any CPU.ActiveCfg = Debug|Any CPU
		{EF44DD73-7E47-4A43-B0D3-8897886AD9D5}.Debug|Any CPU.Build.0 = Debug|Any CPU
		{EF44DD73-7E47-4A43-B0D3-8897886AD9D5}.Release|Any CPU.ActiveCfg = Release|Any CPU
		{EF44DD73-7E47-4A43-B0D3-8897886AD9D5}.Release|Any CPU.Build.0 = Release|Any CPU
		{D76B43E5-1507-4715-8CE6-40E5F496546A}.Debug|Any CPU.ActiveCfg = Debug|Any CPU
		{D76B43E5-1507-4715-8CE6-40E5F496546A}.Debug|Any CPU.Build.0 = Debug|Any CPU
		{D76B43E5-1507-4715-8CE6-40E5F496546A}.Release|Any CPU.ActiveCfg = Release|Any CPU
		{D76B43E5-1507-4715-8CE6-40E5F496546A}.Release|Any CPU.Build.0 = Release|Any CPU
		{168FC227-4295-4CB0-9045-E9C2F6122629}.Debug|Any CPU.ActiveCfg = Debug|Any CPU
		{168FC227-4295-4CB0-9045-E9C2F6122629}.Debug|Any CPU.Build.0 = Debug|Any CPU
		{168FC227-4295-4CB0-9045-E9C2F6122629}.Release|Any CPU.ActiveCfg = Release|Any CPU
		{168FC227-4295-4CB0-9045-E9C2F6122629}.Release|Any CPU.Build.0 = Release|Any CPU
		{6248DCF1-716E-4DCF-A091-3F68188CAF6E}.Debug|Any CPU.ActiveCfg = Debug|Any CPU
		{6248DCF1-716E-4DCF-A091-3F68188CAF6E}.Debug|Any CPU.Build.0 = Debug|Any CPU
		{6248DCF1-716E-4DCF-A091-3F68188CAF6E}.Release|Any CPU.ActiveCfg = Release|Any CPU
		{6248DCF1-716E-4DCF-A091-3F68188CAF6E}.Release|Any CPU.Build.0 = Release|Any CPU
		{6050B03F-7E39-4E01-8B21-4D7AE2A9D8EA}.Debug|Any CPU.ActiveCfg = Debug|Any CPU
		{6050B03F-7E39-4E01-8B21-4D7AE2A9D8EA}.Debug|Any CPU.Build.0 = Debug|Any CPU
		{6050B03F-7E39-4E01-8B21-4D7AE2A9D8EA}.Release|Any CPU.ActiveCfg = Release|Any CPU
		{6050B03F-7E39-4E01-8B21-4D7AE2A9D8EA}.Release|Any CPU.Build.0 = Release|Any CPU
		{F1327FC2-2BF7-4811-BE39-52E288ED8EC0}.Debug|Any CPU.ActiveCfg = Debug|Any CPU
		{F1327FC2-2BF7-4811-BE39-52E288ED8EC0}.Debug|Any CPU.Build.0 = Debug|Any CPU
		{F1327FC2-2BF7-4811-BE39-52E288ED8EC0}.Release|Any CPU.ActiveCfg = Release|Any CPU
		{F1327FC2-2BF7-4811-BE39-52E288ED8EC0}.Release|Any CPU.Build.0 = Release|Any CPU
	EndGlobalSection
	GlobalSection(SolutionProperties) = preSolution
		HideSolutionNode = FALSE
	EndGlobalSection
	GlobalSection(NestedProjects) = preSolution
		{10F05948-AD26-43D3-8513-6497A0FEFBE6} = {D343E268-BB17-41C1-AB64-83854DF83D8B}
		{9BB32612-F028-4C8C-9A8F-6E0B7B2004EA} = {D343E268-BB17-41C1-AB64-83854DF83D8B}
		{87302123-5BE6-4490-A3E9-DECEC260D797} = {D343E268-BB17-41C1-AB64-83854DF83D8B}
		{168FC227-4295-4CB0-9045-E9C2F6122629} = {10F05948-AD26-43D3-8513-6497A0FEFBE6}
		{6248DCF1-716E-4DCF-A091-3F68188CAF6E} = {10F05948-AD26-43D3-8513-6497A0FEFBE6}
		{6050B03F-7E39-4E01-8B21-4D7AE2A9D8EA} = {9BB32612-F028-4C8C-9A8F-6E0B7B2004EA}
		{F1327FC2-2BF7-4811-BE39-52E288ED8EC0} = {87302123-5BE6-4490-A3E9-DECEC260D797}
	EndGlobalSection
	GlobalSection(ExtensibilityGlobals) = postSolution
		SolutionGuid = {80FE07EE-7D40-44EB-9710-A40C892CFA80}
	EndGlobalSection
EndGlobal
