
Microsoft Visual Studio Solution File, Format Version 12.00
Project("{FAE04EC0-301F-11D3-BF4B-00C04F79EFBC}") = "DotnetStore", "DotnetStore.csproj", "{6DA520C8-50F4-4F38-9FF3-266C0E03935A}"
EndProject
Global
	GlobalSection(SolutionConfigurationPlatforms) = preSolution
		Debug|Any CPU = Debug|Any CPU
		Release|Any CPU = Release|Any CPU
	EndGlobalSection
	GlobalSection(ProjectConfigurationPlatforms) = postSolution
		{6DA520C8-50F4-4F38-9FF3-266C0E03935A}.Debug|Any CPU.ActiveCfg = Debug|Any CPU
		{6DA520C8-50F4-4F38-9FF3-266C0E03935A}.Debug|Any CPU.Build.0 = Debug|Any CPU
		{6DA520C8-50F4-4F38-9FF3-266C0E03935A}.Release|Any CPU.ActiveCfg = Release|Any CPU
		{6DA520C8-50F4-4F38-9FF3-266C0E03935A}.Release|Any CPU.Build.0 = Release|Any CPU
	EndGlobalSection
EndGlobal
